
Microsoft Visual Studio Solution File, Format Version 12.00
# Visual Studio Version 17
VisualStudioVersion = 17.0.31903.59
MinimumVisualStudioVersion = 10.0.40219.1
Project("{9A19103F-16F7-4668-BE54-9A1E7A4F7556}") = "WebApi", "WebApi.csproj", "{B97D2E87-AA42-40CD-98B6-CF277C9DA7A8}"
EndProject
Global
	GlobalSection(SolutionConfigurationPlatforms) = preSolution
		Debug|Any CPU = Debug|Any CPU
		Release|Any CPU = Release|Any CPU
	EndGlobalSection
	GlobalSection(ProjectConfigurationPlatforms) = postSolution
		{B97D2E87-AA42-40CD-98B6-CF277C9DA7A8}.Debug|Any CPU.ActiveCfg = Debug|Any CPU
		{B97D2E87-AA42-40CD-98B6-CF277C9DA7A8}.Debug|Any CPU.Build.0 = Debug|Any CPU
		{B97D2E87-AA42-40CD-98B6-CF277C9DA7A8}.Release|Any CPU.ActiveCfg = Release|Any CPU
		{B97D2E87-AA42-40CD-98B6-CF277C9DA7A8}.Release|Any CPU.Build.0 = Release|Any CPU
	EndGlobalSection
	GlobalSection(SolutionProperties) = preSolution
		HideSolutionNode = FALSE
	EndGlobalSection
	GlobalSection(ExtensibilityGlobals) = postSolution
		SolutionGuid = {D85B514E-FE05-4A7B-9BE0-3B6D6FC642ED}
	EndGlobalSection
EndGlobal
